
Microsoft Visual Studio Solution File, Format Version 12.00
# Visual Studio Version 16
VisualStudioVersion = 16.0.30309.148
MinimumVisualStudioVersion = 10.0.40219.1
Project("{FAE04EC0-301F-11D3-BF4B-00C04F79EFBC}") = "VNet", "VNet\VNet.csproj", "{C565DB99-DD88-4DEC-AC4D-6A8C60CF0EA7}"
EndProject
Global
	GlobalSection(SolutionConfigurationPlatforms) = preSolution
		Debug|Any CPU = Debug|Any CPU
		Release|Any CPU = Release|Any CPU
	EndGlobalSection
	GlobalSection(ProjectConfigurationPlatforms) = postSolution
		{C565DB99-DD88-4DEC-AC4D-6A8C60CF0EA7}.Debug|Any CPU.ActiveCfg = Debug|Any CPU
		{C565DB99-DD88-4DEC-AC4D-6A8C60CF0EA7}.Debug|Any CPU.Build.0 = Debug|Any CPU
		{C565DB99-DD88-4DEC-AC4D-6A8C60CF0EA7}.Release|Any CPU.ActiveCfg = Release|Any CPU
		{C565DB99-DD88-4DEC-AC4D-6A8C60CF0EA7}.Release|Any CPU.Build.0 = Release|Any CPU
	EndGlobalSection
	GlobalSection(SolutionProperties) = preSolution
		HideSolutionNode = FALSE
	EndGlobalSection
	GlobalSection(ExtensibilityGlobals) = postSolution
		SolutionGuid = {B0BF5269-416B-495B-BF31-3C11D13E36FF}
	EndGlobalSection
EndGlobal
